
Microsoft Visual Studio Solution File, Format Version 12.00
# Visual Studio Version 17
VisualStudioVersion = 17.4.33213.308
MinimumVisualStudioVersion = 10.0.40219.1
Project("{9A19103F-16F7-4668-BE54-9A1E7A4F7556}") = "liaqati-master", "liaqati-master.csproj", "{F70BCA51-6C1D-4823-9072-35C153CDFC2B}"
EndProject
Global
	GlobalSection(SolutionConfigurationPlatforms) = preSolution
		Debug|Any CPU = Debug|Any CPU
		Release|Any CPU = Release|Any CPU
	EndGlobalSection
	GlobalSection(ProjectConfigurationPlatforms) = postSolution
		{F70BCA51-6C1D-4823-9072-35C153CDFC2B}.Debug|Any CPU.ActiveCfg = Debug|Any CPU
		{F70BCA51-6C1D-4823-9072-35C153CDFC2B}.Debug|Any CPU.Build.0 = Debug|Any CPU
		{F70BCA51-6C1D-4823-9072-35C153CDFC2B}.Release|Any CPU.ActiveCfg = Release|Any CPU
		{F70BCA51-6C1D-4823-9072-35C153CDFC2B}.Release|Any CPU.Build.0 = Release|Any CPU
	EndGlobalSection
	GlobalSection(SolutionProperties) = preSolution
		HideSolutionNode = FALSE
	EndGlobalSection
	GlobalSection(ExtensibilityGlobals) = postSolution
		SolutionGuid = {684025A9-DDE8-4626-A71C-45D7D61C806D}
	EndGlobalSection
EndGlobal
